
Microsoft Visual Studio Solution File, Format Version 12.00
# Visual Studio Version 16
VisualStudioVersion = 16.0.31410.357
MinimumVisualStudioVersion = 10.0.40219.1
Project("{FAE04EC0-301F-11D3-BF4B-00C04F79EFBC}") = "Ayubo_Company", "Ayubo_Company\Ayubo_Company.csproj", "{3A9013B9-E969-4FE9-8F53-B7469F1C747E}"
EndProject
Global
	GlobalSection(SolutionConfigurationPlatforms) = preSolution
		Debug|Any CPU = Debug|Any CPU
		Release|Any CPU = Release|Any CPU
	EndGlobalSection
	GlobalSection(ProjectConfigurationPlatforms) = postSolution
		{3A9013B9-E969-4FE9-8F53-B7469F1C747E}.Debug|Any CPU.ActiveCfg = Debug|Any CPU
		{3A9013B9-E969-4FE9-8F53-B7469F1C747E}.Debug|Any CPU.Build.0 = Debug|Any CPU
		{3A9013B9-E969-4FE9-8F53-B7469F1C747E}.Release|Any CPU.ActiveCfg = Release|Any CPU
		{3A9013B9-E969-4FE9-8F53-B7469F1C747E}.Release|Any CPU.Build.0 = Release|Any CPU
	EndGlobalSection
	GlobalSection(SolutionProperties) = preSolution
		HideSolutionNode = FALSE
	EndGlobalSection
	GlobalSection(ExtensibilityGlobals) = postSolution
		SolutionGuid = {66019262-7586-4B1F-8A96-97A980A7458B}
	EndGlobalSection
EndGlobal
